// !$*UTF8*$!
{
	archiveVersion = 1;
	classes = {
	};
	objectVersion = 56;
	objects = {

/* Begin PBXBuildFile section */
		B902399829E5C2AC0047BFE4 /* AppDelegate.swift in Sources */ = {isa = PBXBuildFile; fileRef = B902399729E5C2AC0047BFE4 /* AppDelegate.swift */; };
		B902399A29E5C2AC0047BFE4 /* SceneDelegate.swift in Sources */ = {isa = PBXBuildFile; fileRef = B902399929E5C2AC0047BFE4 /* SceneDelegate.swift */; };
		B902399C29E5C2AC0047BFE4 /* ViewController.swift in Sources */ = {isa = PBXBuildFile; fileRef = B902399B29E5C2AC0047BFE4 /* ViewController.swift */; };
		B902399F29E5C2AC0047BFE4 /* Main.storyboard in Resources */ = {isa = PBXBuildFile; fileRef = B902399D29E5C2AC0047BFE4 /* Main.storyboard */; };
		B90239A129E5C2B90047BFE4 /* Assets.xcassets in Resources */ = {isa = PBXBuildFile; fileRef = B90239A029E5C2B90047BFE4 /* Assets.xcassets */; };
		B90239A429E5C2B90047BFE4 /* LaunchScreen.storyboard in Resources */ = {isa = PBXBuildFile; fileRef = B90239A229E5C2B90047BFE4 /* LaunchScreen.storyboard */; };
		B90239AF29E5C2B90047BFE4 /* sliderProgressColorTests.swift in Sources */ = {isa = PBXBuildFile; fileRef = B90239AE29E5C2B90047BFE4 /* sliderProgressColorTests.swift */; };
		B90239B929E5C2B90047BFE4 /* sliderProgressColorUITests.swift in Sources */ = {isa = PBXBuildFile; fileRef = B90239B829E5C2B90047BFE4 /* sliderProgressColorUITests.swift */; };
		B90239BB29E5C2B90047BFE4 /* sliderProgressColorUITestsLaunchTests.swift in Sources */ = {isa = PBXBuildFile; fileRef = B90239BA29E5C2B90047BFE4 /* sliderProgressColorUITestsLaunchTests.swift */; };
/* End PBXBuildFile section */

/* Begin PBXContainerItemProxy section */
		B90239AB29E5C2B90047BFE4 /* PBXContainerItemProxy */ = {
			isa = PBXContainerItemProxy;
			containerPortal = B902398C29E5C2AC0047BFE4 /* Project object */;
			proxyType = 1;
			remoteGlobalIDString = B902399329E5C2AC0047BFE4;
			remoteInfo = sliderProgressColor;
		};
		B90239B529E5C2B90047BFE4 /* PBXContainerItemProxy */ = {
			isa = PBXContainerItemProxy;
			containerPortal = B902398C29E5C2AC0047BFE4 /* Project object */;
			proxyType = 1;
			remoteGlobalIDString = B902399329E5C2AC0047BFE4;
			remoteInfo = sliderProgressColor;
		};
/* End PBXContainerItemProxy section */

/* Begin PBXFileReference section */
		B902399429E5C2AC0047BFE4 /* sliderProgressColor.app */ = {isa = PBXFileReference; explicitFileType = wrapper.application; includeInIndex = 0; path = sliderProgressColor.app; sourceTree = BUILT_PRODUCTS_DIR; };
		B902399729E5C2AC0047BFE4 /* AppDelegate.swift */ = {isa = PBXFileReference; lastKnownFileType = sourcecode.swift; path = AppDelegate.swift; sourceTree = "<group>"; };
		B902399929E5C2AC0047BFE4 /* SceneDelegate.swift */ = {isa = PBXFileReference; lastKnownFileType = sourcecode.swift; path = SceneDelegate.swift; sourceTree = "<group>"; };
		B902399B29E5C2AC0047BFE4 /* ViewController.swift */ = {isa = PBXFileReference; lastKnownFileType = sourcecode.swift; path = ViewController.swift; sourceTree = "<group>"; };
		B902399E29E5C2AC0047BFE4 /* Base */ = {isa = PBXFileReference; lastKnownFileType = file.storyboard; name = Base; path = Base.lproj/Main.storyboard; sourceTree = "<group>"; };
		B90239A029E5C2B90047BFE4 /* Assets.xcassets */ = {isa = PBXFileReference; lastKnownFileType = folder.assetcatalog; path = Assets.xcassets; sourceTree = "<group>"; };
		B90239A329E5C2B90047BFE4 /* Base */ = {isa = PBXFileReference; lastKnownFileType = file.storyboard; name = Base; path = Base.lproj/LaunchScreen.storyboard; sourceTree = "<group>"; };
		B90239A529E5C2B90047BFE4 /* Info.plist */ = {isa = PBXFileReference; lastKnownFileType = text.plist.xml; path = Info.plist; sourceTree = "<group>"; };
		B90239AA29E5C2B90047BFE4 /* sliderProgressColorTests.xctest */ = {isa = PBXFileReference; explicitFileType = wrapper.cfbundle; includeInIndex = 0; path = sliderProgressColorTests.xctest; sourceTree = BUILT_PRODUCTS_DIR; };
		B90239AE29E5C2B90047BFE4 /* sliderProgressColorTests.swift */ = {isa = PBXFileReference; lastKnownFileType = sourcecode.swift; path = sliderProgressColorTests.swift; sourceTree = "<group>"; };
		B90239B429E5C2B90047BFE4 /* sliderProgressColorUITests.xctest */ = {isa = PBXFileReference; explicitFileType = wrapper.cfbundle; includeInIndex = 0; path = sliderProgressColorUITests.xctest; sourceTree = BUILT_PRODUCTS_DIR; };
		B90239B829E5C2B90047BFE4 /* sliderProgressColorUITests.swift */ = {isa = PBXFileReference; lastKnownFileType = sourcecode.swift; path = sliderProgressColorUITests.swift; sourceTree = "<group>"; };
		B90239BA29E5C2B90047BFE4 /* sliderProgressColorUITestsLaunchTests.swift */ = {isa = PBXFileReference; lastKnownFileType = sourcecode.swift; path = sliderProgressColorUITestsLaunchTests.swift; sourceTree = "<group>"; };
/* End PBXFileReference section */

/* Begin PBXFrameworksBuildPhase section */
		B902399129E5C2AC0047BFE4 /* Frameworks */ = {
			isa = PBXFrameworksBuildPhase;
			buildActionMask = 2147483647;
			files = (
			);
			runOnlyForDeploymentPostprocessing = 0;
		};
		B90239A729E5C2B90047BFE4 /* Frameworks */ = {
			isa = PBXFrameworksBuildPhase;
			buildActionMask = 2147483647;
			files = (
			);
			runOnlyForDeploymentPostprocessing = 0;
		};
		B90239B129E5C2B90047BFE4 /* Frameworks */ = {
			isa = PBXFrameworksBuildPhase;
			buildActionMask = 2147483647;
			files = (
			);
			runOnlyForDeploymentPostprocessing = 0;
		};
/* End PBXFrameworksBuildPhase section */

/* Begin PBXGroup section */
		B902398B29E5C2AC0047BFE4 = {
			isa = PBXGroup;
			children = (
				B902399629E5C2AC0047BFE4 /* sliderProgressColor */,
				B90239AD29E5C2B90047BFE4 /* sliderProgressColorTests */,
				B90239B729E5C2B90047BFE4 /* sliderProgressColorUITests */,
				B902399529E5C2AC0047BFE4 /* Products */,
			);
			sourceTree = "<group>";
		};
		B902399529E5C2AC0047BFE4 /* Products */ = {
			isa = PBXGroup;
			children = (
				B902399429E5C2AC0047BFE4 /* sliderProgressColor.app */,
				B90239AA29E5C2B90047BFE4 /* sliderProgressColorTests.xctest */,
				B90239B429E5C2B90047BFE4 /* sliderProgressColorUITests.xctest */,
			);
			name = Products;
			sourceTree = "<group>";
		};
		B902399629E5C2AC0047BFE4 /* sliderProgressColor */ = {
			isa = PBXGroup;
			children = (
				B902399729E5C2AC0047BFE4 /* AppDelegate.swift */,
				B902399929E5C2AC0047BFE4 /* SceneDelegate.swift */,
				B902399B29E5C2AC0047BFE4 /* ViewController.swift */,
				B902399D29E5C2AC0047BFE4 /* Main.storyboard */,
				B90239A029E5C2B90047BFE4 /* Assets.xcassets */,
				B90239A229E5C2B90047BFE4 /* LaunchScreen.storyboard */,
				B90239A529E5C2B90047BFE4 /* Info.plist */,
			);
			path = sliderProgressColor;
			sourceTree = "<group>";
		};
		B90239AD29E5C2B90047BFE4 /* sliderProgressColorTests */ = {
			isa = PBXGroup;
			children = (
				B90239AE29E5C2B90047BFE4 /* sliderProgressColorTests.swift */,
			);
			path = sliderProgressColorTests;
			sourceTree = "<group>";
		};
		B90239B729E5C2B90047BFE4 /* sliderProgressColorUITests */ = {
			isa = PBXGroup;
			children = (
				B90239B829E5C2B90047BFE4 /* sliderProgressColorUITests.swift */,
				B90239BA29E5C2B90047BFE4 /* sliderProgressColorUITestsLaunchTests.swift */,
			);
			path = sliderProgressColorUITests;
			sourceTree = "<group>";
		};
/* End PBXGroup section */

/* Begin PBXNativeTarget section */
		B902399329E5C2AC0047BFE4 /* sliderProgressColor */ = {
			isa = PBXNativeTarget;
			buildConfigurationList = B90239BE29E5C2B90047BFE4 /* Build configuration list for PBXNativeTarget "sliderProgressColor" */;
			buildPhases = (
				B902399029E5C2AC0047BFE4 /* Sources */,
				B902399129E5C2AC0047BFE4 /* Frameworks */,
				B902399229E5C2AC0047BFE4 /* Resources */,
			);
			buildRules = (
			);
			dependencies = (
			);
			name = sliderProgressColor;
			productName = sliderProgressColor;
			productReference = B902399429E5C2AC0047BFE4 /* sliderProgressColor.app */;
			productType = "com.apple.product-type.application";
		};
		B90239A929E5C2B90047BFE4 /* sliderProgressColorTests */ = {
			isa = PBXNativeTarget;
			buildConfigurationList = B90239C129E5C2B90047BFE4 /* Build configuration list for PBXNativeTarget "sliderProgressColorTests" */;
			buildPhases = (
				B90239A629E5C2B90047BFE4 /* Sources */,
				B90239A729E5C2B90047BFE4 /* Frameworks */,
				B90239A829E5C2B90047BFE4 /* Resources */,
			);
			buildRules = (
			);
			dependencies = (
				B90239AC29E5C2B90047BFE4 /* PBXTargetDependency */,
			);
			name = sliderProgressColorTests;
			productName = sliderProgressColorTests;
			productReference = B90239AA29E5C2B90047BFE4 /* sliderProgressColorTests.xctest */;
			productType = "com.apple.product-type.bundle.unit-test";
		};
		B90239B329E5C2B90047BFE4 /* sliderProgressColorUITests */ = {
			isa = PBXNativeTarget;
			buildConfigurationList = B90239C429E5C2B90047BFE4 /* Build configuration list for PBXNativeTarget "sliderProgressColorUITests" */;
			buildPhases = (
				B90239B029E5C2B90047BFE4 /* Sources */,
				B90239B129E5C2B90047BFE4 /* Frameworks */,
				B90239B229E5C2B90047BFE4 /* Resources */,
			);
			buildRules = (
			);
			dependencies = (
				B90239B629E5C2B90047BFE4 /* PBXTargetDependency */,
			);
			name = sliderProgressColorUITests;
			productName = sliderProgressColorUITests;
			productReference = B90239B429E5C2B90047BFE4 /* sliderProgressColorUITests.xctest */;
			productType = "com.apple.product-type.bundle.ui-testing";
		};
/* End PBXNativeTarget section */

/* Begin PBXProject section */
		B902398C29E5C2AC0047BFE4 /* Project object */ = {
			isa = PBXProject;
			attributes = {
				BuildIndependentTargetsInParallel = 1;
				LastSwiftUpdateCheck = 1430;
				LastUpgradeCheck = 1430;
				TargetAttributes = {
					B902399329E5C2AC0047BFE4 = {
						CreatedOnToolsVersion = 14.3;
					};
					B90239A929E5C2B90047BFE4 = {
						CreatedOnToolsVersion = 14.3;
						TestTargetID = B902399329E5C2AC0047BFE4;
					};
					B90239B329E5C2B90047BFE4 = {
						CreatedOnToolsVersion = 14.3;
						TestTargetID = B902399329E5C2AC0047BFE4;
					};
				};
			};
			buildConfigurationList = B902398F29E5C2AC0047BFE4 /* Build configuration list for PBXProject "sliderProgressColor" */;
			compatibilityVersion = "Xcode 14.0";
			developmentRegion = en;
			hasScannedForEncodings = 0;
			knownRegions = (
				en,
				Base,
			);
			mainGroup = B902398B29E5C2AC0047BFE4;
			productRefGroup = B902399529E5C2AC0047BFE4 /* Products */;
			projectDirPath = "";
			projectRoot = "";
			targets = (
				B902399329E5C2AC0047BFE4 /* sliderProgressColor */,
				B90239A929E5C2B90047BFE4 /* sliderProgressColorTests */,
				B90239B329E5C2B90047BFE4 /* sliderProgressColorUITests */,
			);
		};
/* End PBXProject section */

/* Begin PBXResourcesBuildPhase section */
		B902399229E5C2AC0047BFE4 /* Resources */ = {
			isa = PBXResourcesBuildPhase;
			buildActionMask = 2147483647;
			files = (
				B90239A429E5C2B90047BFE4 /* LaunchScreen.storyboard in Resources */,
				B90239A129E5C2B90047BFE4 /* Assets.xcassets in Resources */,
				B902399F29E5C2AC0047BFE4 /* Main.storyboard in Resources */,
			);
			runOnlyForDeploymentPostprocessing = 0;
		};
		B90239A829E5C2B90047BFE4 /* Resources */ = {
			isa = PBXResourcesBuildPhase;
			buildActionMask = 2147483647;
			files = (
			);
			runOnlyForDeploymentPostprocessing = 0;
		};
		B90239B229E5C2B90047BFE4 /* Resources */ = {
			isa = PBXResourcesBuildPhase;
			buildActionMask = 2147483647;
			files = (
			);
			runOnlyForDeploymentPostprocessing = 0;
		};
/* End PBXResourcesBuildPhase section */

/* Begin PBXSourcesBuildPhase section */
		B902399029E5C2AC0047BFE4 /* Sources */ = {
			isa = PBXSourcesBuildPhase;
			buildActionMask = 2147483647;
			files = (
				B902399C29E5C2AC0047BFE4 /* ViewController.swift in Sources */,
				B902399829E5C2AC0047BFE4 /* AppDelegate.swift in Sources */,
				B902399A29E5C2AC0047BFE4 /* SceneDelegate.swift in Sources */,
			);
			runOnlyForDeploymentPostprocessing = 0;
		};
		B90239A629E5C2B90047BFE4 /* Sources */ = {
			isa = PBXSourcesBuildPhase;
			buildActionMask = 2147483647;
			files = (
				B90239AF29E5C2B90047BFE4 /* sliderProgressColorTests.swift in Sources */,
			);
			runOnlyForDeploymentPostprocessing = 0;
		};
		B90239B029E5C2B90047BFE4 /* Sources */ = {
			isa = PBXSourcesBuildPhase;
			buildActionMask = 2147483647;
			files = (
				B90239BB29E5C2B90047BFE4 /* sliderProgressColorUITestsLaunchTests.swift in Sources */,
				B90239B929E5C2B90047BFE4 /* sliderProgressColorUITests.swift in Sources */,
			);
			runOnlyForDeploymentPostprocessing = 0;
		};
/* End PBXSourcesBuildPhase section */

/* Begin PBXTargetDependency section */
		B90239AC29E5C2B90047BFE4 /* PBXTargetDependency */ = {
			isa = PBXTargetDependency;
			target = B902399329E5C2AC0047BFE4 /* sliderProgressColor */;
			targetProxy = B90239AB29E5C2B90047BFE4 /* PBXContainerItemProxy */;
		};
		B90239B629E5C2B90047BFE4 /* PBXTargetDependency */ = {
			isa = PBXTargetDependency;
			target = B902399329E5C2AC0047BFE4 /* sliderProgressColor */;
			targetProxy = B90239B529E5C2B90047BFE4 /* PBXContainerItemProxy */;
		};
/* End PBXTargetDependency section */

/* Begin PBXVariantGroup section */
		B902399D29E5C2AC0047BFE4 /* Main.storyboard */ = {
			isa = PBXVariantGroup;
			children = (
				B902399E29E5C2AC0047BFE4 /* Base */,
			);
			name = Main.storyboard;
			sourceTree = "<group>";
		};
		B90239A229E5C2B90047BFE4 /* LaunchScreen.storyboard */ = {
			isa = PBXVariantGroup;
			children = (
				B90239A329E5C2B90047BFE4 /* Base */,
			);
			name = LaunchScreen.storyboard;
			sourceTree = "<group>";
		};
/* End PBXVariantGroup section */

/* Begin XCBuildConfiguration section */
		B90239BC29E5C2B90047BFE4 /* Debug */ = {
			isa = XCBuildConfiguration;
			buildSettings = {
				ALWAYS_SEARCH_USER_PATHS = NO;
				CLANG_ANALYZER_NONNULL = YES;
				CLANG_ANALYZER_NUMBER_OBJECT_CONVERSION = YES_AGGRESSIVE;
				CLANG_CXX_LANGUAGE_STANDARD = "gnu++20";
				CLANG_ENABLE_MODULES = YES;
				CLANG_ENABLE_OBJC_ARC = YES;
				CLANG_ENABLE_OBJC_WEAK = YES;
				CLANG_WARN_BLOCK_CAPTURE_AUTORELEASING = YES;
				CLANG_WARN_BOOL_CONVERSION = YES;
				CLANG_WARN_COMMA = YES;
				CLANG_WARN_CONSTANT_CONVERSION = YES;
				CLANG_WARN_DEPRECATED_OBJC_IMPLEMENTATIONS = YES;
				CLANG_WARN_DIRECT_OBJC_ISA_USAGE = YES_ERROR;
				CLANG_WARN_DOCUMENTATION_COMMENTS = YES;
				CLANG_WARN_EMPTY_BODY = YES;
				CLANG_WARN_ENUM_CONVERSION = YES;
				CLANG_WARN_INFINITE_RECURSION = YES;
				CLANG_WARN_INT_CONVERSION = YES;
				CLANG_WARN_NON_LITERAL_NULL_CONVERSION = YES;
				CLANG_WARN_OBJC_IMPLICIT_RETAIN_SELF = YES;
				CLANG_WARN_OBJC_LITERAL_CONVERSION = YES;
				CLANG_WARN_OBJC_ROOT_CLASS = YES_ERROR;
				CLANG_WARN_QUOTED_INCLUDE_IN_FRAMEWORK_HEADER = YES;
				CLANG_WARN_RANGE_LOOP_ANALYSIS = YES;
				CLANG_WARN_STRICT_PROTOTYPES = YES;
				CLANG_WARN_SUSPICIOUS_MOVE = YES;
				CLANG_WARN_UNGUARDED_AVAILABILITY = YES_AGGRESSIVE;
				CLANG_WARN_UNREACHABLE_CODE = YES;
				CLANG_WARN__DUPLICATE_METHOD_MATCH = YES;
				COPY_PHASE_STRIP = NO;
				DEBUG_INFORMATION_FORMAT = dwarf;
				ENABLE_STRICT_OBJC_MSGSEND = YES;
				ENABLE_TESTABILITY = YES;
				GCC_C_LANGUAGE_STANDARD = gnu11;
				GCC_DYNAMIC_NO_PIC = NO;
				GCC_NO_COMMON_BLOCKS = YES;
				GCC_OPTIMIZATION_LEVEL = 0;
				GCC_PREPROCESSOR_DEFINITIONS = (
					"DEBUG=1",
					"$(inherited)",
				);
				GCC_WARN_64_TO_32_BIT_CONVERSION = YES;
				GCC_WARN_ABOUT_RETURN_TYPE = YES_ERROR;
				GCC_WARN_UNDECLARED_SELECTOR = YES;
				GCC_WARN_UNINITIALIZED_AUTOS = YES_AGGRESSIVE;
				GCC_WARN_UNUSED_FUNCTION = YES;
				GCC_WARN_UNUSED_VARIABLE = YES;
				IPHONEOS_DEPLOYMENT_TARGET = 16.4;
				MTL_ENABLE_DEBUG_INFO = INCLUDE_SOURCE;
				MTL_FAST_MATH = YES;
				ONLY_ACTIVE_ARCH = YES;
				SDKROOT = iphoneos;
				SWIFT_ACTIVE_COMPILATION_CONDITIONS = DEBUG;
				SWIFT_OPTIMIZATION_LEVEL = "-Onone";
			};
			name = Debug;
		};
		B90239BD29E5C2B90047BFE4 /* Release */ = {
			isa = XCBuildConfiguration;
			buildSettings = {
				ALWAYS_SEARCH_USER_PATHS = NO;
				CLANG_ANALYZER_NONNULL = YES;
				CLANG_ANALYZER_NUMBER_OBJECT_CONVERSION = YES_AGGRESSIVE;
				CLANG_CXX_LANGUAGE_STANDARD = "gnu++20";
				CLANG_ENABLE_MODULES = YES;
				CLANG_ENABLE_OBJC_ARC = YES;
				CLANG_ENABLE_OBJC_WEAK = YES;
				CLANG_WARN_BLOCK_CAPTURE_AUTORELEASING = YES;
				CLANG_WARN_BOOL_CONVERSION = YES;
				CLANG_WARN_COMMA = YES;
				CLANG_WARN_CONSTANT_CONVERSION = YES;
				CLANG_WARN_DEPRECATED_OBJC_IMPLEMENTATIONS = YES;
				CLANG_WARN_DIRECT_OBJC_ISA_USAGE = YES_ERROR;
				CLANG_WARN_DOCUMENTATION_COMMENTS = YES;
				CLANG_WARN_EMPTY_BODY = YES;
				CLANG_WARN_ENUM_CONVERSION = YES;
				CLANG_WARN_INFINITE_RECURSION = YES;
				CLANG_WARN_INT_CONVERSION = YES;
				CLANG_WARN_NON_LITERAL_NULL_CONVERSION = YES;
				CLANG_WARN_OBJC_IMPLICIT_RETAIN_SELF = YES;
				CLANG_WARN_OBJC_LITERAL_CONVERSION = YES;
				CLANG_WARN_OBJC_ROOT_CLASS = YES_ERROR;
				CLANG_WARN_QUOTED_INCLUDE_IN_FRAMEWORK_HEADER = YES;
				CLANG_WARN_RANGE_LOOP_ANALYSIS = YES;
				CLANG_WARN_STRICT_PROTOTYPES = YES;
				CLANG_WARN_SUSPICIOUS_MOVE = YES;
				CLANG_WARN_UNGUARDED_AVAILABILITY = YES_AGGRESSIVE;
				CLANG_WARN_UNREACHABLE_CODE = YES;
				CLANG_WARN__DUPLICATE_METHOD_MATCH = YES;
				COPY_PHASE_STRIP = NO;
				DEBUG_INFORMATION_FORMAT = "dwarf-with-dsym";
				ENABLE_NS_ASSERTIONS = NO;
				ENABLE_STRICT_OBJC_MSGSEND = YES;
				GCC_C_LANGUAGE_STANDARD = gnu11;
				GCC_NO_COMMON_BLOCKS = YES;
				GCC_WARN_64_TO_32_BIT_CONVERSION = YES;
				GCC_WARN_ABOUT_RETURN_TYPE = YES_ERROR;
				GCC_WARN_UNDECLARED_SELECTOR = YES;
				GCC_WARN_UNINITIALIZED_AUTOS = YES_AGGRESSIVE;
				GCC_WARN_UNUSED_FUNCTION = YES;
				GCC_WARN_UNUSED_VARIABLE = YES;
				IPHONEOS_DEPLOYMENT_TARGET = 16.4;
				MTL_ENABLE_DEBUG_INFO = NO;
				MTL_FAST_MATH = YES;
				SDKROOT = iphoneos;
				SWIFT_COMPILATION_MODE = wholemodule;
				SWIFT_OPTIMIZATION_LEVEL = "-O";
				VALIDATE_PRODUCT = YES;
			};
			name = Release;
		};
		B90239BF29E5C2B90047BFE4 /* Debug */ = {
			isa = XCBuildConfiguration;
			buildSettings = {
				ASSETCATALOG_COMPILER_APPICON_NAME = AppIcon;
				ASSETCATALOG_COMPILER_GLOBAL_ACCENT_COLOR_NAME = AccentColor;
				CODE_SIGN_STYLE = Automatic;
				CURRENT_PROJECT_VERSION = 1;
				DEVELOPMENT_TEAM = LFHN3N4K5G;
				GENERATE_INFOPLIST_FILE = YES;
				INFOPLIST_FILE = sliderProgressColor/Info.plist;
				INFOPLIST_KEY_UIApplicationSupportsIndirectInputEvents = YES;
				INFOPLIST_KEY_UILaunchStoryboardName = LaunchScreen;
				INFOPLIST_KEY_UIMainStoryboardFile = Main;
				INFOPLIST_KEY_UISupportedInterfaceOrientations_iPad = "UIInterfaceOrientationPortrait UIInterfaceOrientationPortraitUpsideDown UIInterfaceOrientationLandscapeLeft UIInterfaceOrientationLandscapeRight";
				INFOPLIST_KEY_UISupportedInterfaceOrientations_iPhone = "UIInterfaceOrientationPortrait UIInterfaceOrientationLandscapeLeft UIInterfaceOrientationLandscapeRight";
				LD_RUNPATH_SEARCH_PATHS = (
					"$(inherited)",
					"@executable_path/Frameworks",
				);
				MARKETING_VERSION = 1.0;
				PRODUCT_BUNDLE_IDENTIFIER = us.swcsd.sliderProgressColor;
				PRODUCT_NAME = "$(TARGET_NAME)";
				SWIFT_EMIT_LOC_STRINGS = YES;
				SWIFT_VERSION = 5.0;
				TARGETED_DEVICE_FAMILY = "1,2";
			};
			name = Debug;
		};
		B90239C029E5C2B90047BFE4 /* Release */ = {
			isa = XCBuildConfiguration;
			buildSettings = {
				ASSETCATALOG_COMPILER_APPICON_NAME = AppIcon;
				ASSETCATALOG_COMPILER_GLOBAL_ACCENT_COLOR_NAME = AccentColor;
				CODE_SIGN_STYLE = Automatic;
				CURRENT_PROJECT_VERSION = 1;
				DEVELOPMENT_TEAM = LFHN3N4K5G;
				GENERATE_INFOPLIST_FILE = YES;
				INFOPLIST_FILE = sliderProgressColor/Info.plist;
				INFOPLIST_KEY_UIApplicationSupportsIndirectInputEvents = YES;
				INFOPLIST_KEY_UILaunchStoryboardName = LaunchScreen;
				INFOPLIST_KEY_UIMainStoryboardFile = Main;
				INFOPLIST_KEY_UISupportedInterfaceOrientations_iPad = "UIInterfaceOrientationPortrait UIInterfaceOrientationPortraitUpsideDown UIInterfaceOrientationLandscapeLeft UIInterfaceOrientationLandscapeRight";
				INFOPLIST_KEY_UISupportedInterfaceOrientations_iPhone = "UIInterfaceOrientationPortrait UIInterfaceOrientationLandscapeLeft UIInterfaceOrientationLandscapeRight";
				LD_RUNPATH_SEARCH_PATHS = (
					"$(inherited)",
					"@executable_path/Frameworks",
				);
				MARKETING_VERSION = 1.0;
				PRODUCT_BUNDLE_IDENTIFIER = us.swcsd.sliderProgressColor;
				PRODUCT_NAME = "$(TARGET_NAME)";
				SWIFT_EMIT_LOC_STRINGS = YES;
				SWIFT_VERSION = 5.0;
				TARGETED_DEVICE_FAMILY = "1,2";
			};
			name = Release;
		};
		B90239C229E5C2B90047BFE4 /* Debug */ = {
			isa = XCBuildConfiguration;
			buildSettings = {
				ALWAYS_EMBED_SWIFT_STANDARD_LIBRARIES = YES;
				BUNDLE_LOADER = "$(TEST_HOST)";
				CODE_SIGN_STYLE = Automatic;
				CURRENT_PROJECT_VERSION = 1;
				DEVELOPMENT_TEAM = LFHN3N4K5G;
				GENERATE_INFOPLIST_FILE = YES;
				IPHONEOS_DEPLOYMENT_TARGET = 16.4;
				MARKETING_VERSION = 1.0;
				PRODUCT_BUNDLE_IDENTIFIER = us.swcsd.sliderProgressColorTests;
				PRODUCT_NAME = "$(TARGET_NAME)";
				SWIFT_EMIT_LOC_STRINGS = NO;
				SWIFT_VERSION = 5.0;
				TARGETED_DEVICE_FAMILY = "1,2";
				TEST_HOST = "$(BUILT_PRODUCTS_DIR)/sliderProgressColor.app/$(BUNDLE_EXECUTABLE_FOLDER_PATH)/sliderProgressColor";
			};
			name = Debug;
		};
		B90239C329E5C2B90047BFE4 /* Release */ = {
			isa = XCBuildConfiguration;
			buildSettings = {
				ALWAYS_EMBED_SWIFT_STANDARD_LIBRARIES = YES;
				BUNDLE_LOADER = "$(TEST_HOST)";
				CODE_SIGN_STYLE = Automatic;
				CURRENT_PROJECT_VERSION = 1;
				DEVELOPMENT_TEAM = LFHN3N4K5G;
				GENERATE_INFOPLIST_FILE = YES;
				IPHONEOS_DEPLOYMENT_TARGET = 16.4;
				MARKETING_VERSION = 1.0;
				PRODUCT_BUNDLE_IDENTIFIER = us.swcsd.sliderProgressColorTests;
				PRODUCT_NAME = "$(TARGET_NAME)";
				SWIFT_EMIT_LOC_STRINGS = NO;
				SWIFT_VERSION = 5.0;
				TARGETED_DEVICE_FAMILY = "1,2";
				TEST_HOST = "$(BUILT_PRODUCTS_DIR)/sliderProgressColor.app/$(BUNDLE_EXECUTABLE_FOLDER_PATH)/sliderProgressColor";
			};
			name = Release;
		};
		B90239C529E5C2B90047BFE4 /* Debug */ = {
			isa = XCBuildConfiguration;
			buildSettings = {
				ALWAYS_EMBED_SWIFT_STANDARD_LIBRARIES = YES;
				CODE_SIGN_STYLE = Automatic;
				CURRENT_PROJECT_VERSION = 1;
				DEVELOPMENT_TEAM = LFHN3N4K5G;
				GENERATE_INFOPLIST_FILE = YES;
				MARKETING_VERSION = 1.0;
				PRODUCT_BUNDLE_IDENTIFIER = us.swcsd.sliderProgressColorUITests;
				PRODUCT_NAME = "$(TARGET_NAME)";
				SWIFT_EMIT_LOC_STRINGS = NO;
				SWIFT_VERSION = 5.0;
				TARGETED_DEVICE_FAMILY = "1,2";
				TEST_TARGET_NAME = sliderProgressColor;
			};
			name = Debug;
		};
		B90239C629E5C2B90047BFE4 /* Release */ = {
			isa = XCBuildConfiguration;
			buildSettings = {
				ALWAYS_EMBED_SWIFT_STANDARD_LIBRARIES = YES;
				CODE_SIGN_STYLE = Automatic;
				CURRENT_PROJECT_VERSION = 1;
				DEVELOPMENT_TEAM = LFHN3N4K5G;
				GENERATE_INFOPLIST_FILE = YES;
				MARKETING_VERSION = 1.0;
				PRODUCT_BUNDLE_IDENTIFIER = us.swcsd.sliderProgressColorUITests;
				PRODUCT_NAME = "$(TARGET_NAME)";
				SWIFT_EMIT_LOC_STRINGS = NO;
				SWIFT_VERSION = 5.0;
				TARGETED_DEVICE_FAMILY = "1,2";
				TEST_TARGET_NAME = sliderProgressColor;
			};
			name = Release;
		};
/* End XCBuildConfiguration section */

/* Begin XCConfigurationList section */
		B902398F29E5C2AC0047BFE4 /* Build configuration list for PBXProject "sliderProgressColor" */ = {
			isa = XCConfigurationList;
			buildConfigurations = (
				B90239BC29E5C2B90047BFE4 /* Debug */,
				B90239BD29E5C2B90047BFE4 /* Release */,
			);
			defaultConfigurationIsVisible = 0;
			defaultConfigurationName = Release;
		};
		B90239BE29E5C2B90047BFE4 /* Build configuration list for PBXNativeTarget "sliderProgressColor" */ = {
			isa = XCConfigurationList;
			buildConfigurations = (
				B90239BF29E5C2B90047BFE4 /* Debug */,
				B90239C029E5C2B90047BFE4 /* Release */,
			);
			defaultConfigurationIsVisible = 0;
			defaultConfigurationName = Release;
		};
		B90239C129E5C2B90047BFE4 /* Build configuration list for PBXNativeTarget "sliderProgressColorTests" */ = {
			isa = XCConfigurationList;
			buildConfigurations = (
				B90239C229E5C2B90047BFE4 /* Debug */,
				B90239C329E5C2B90047BFE4 /* Release */,
			);
			defaultConfigurationIsVisible = 0;
			defaultConfigurationName = Release;
		};
		B90239C429E5C2B90047BFE4 /* Build configuration list for PBXNativeTarget "sliderProgressColorUITests" */ = {
			isa = XCConfigurationList;
			buildConfigurations = (
				B90239C529E5C2B90047BFE4 /* Debug */,
				B90239C629E5C2B90047BFE4 /* Release */,
			);
			defaultConfigurationIsVisible = 0;
			defaultConfigurationName = Release;
		};
/* End XCConfigurationList section */
	};
	rootObject = B902398C29E5C2AC0047BFE4 /* Project object */;
}
